
Microsoft Visual Studio Solution File, Format Version 12.00
# Visual Studio Version 17
VisualStudioVersion = 17.14.36221.1 d17.14
MinimumVisualStudioVersion = 10.0.40219.1
Project("{FAE04EC0-301F-11D3-BF4B-00C04F79EFBC}") = "VehicleManagementSystem", "VehicleManagementSystem\VehicleManagementSystem.csproj", "{9555A2CE-780B-4570-BDAB-2807421FB1BC}"
EndProject
Global
	GlobalSection(SolutionConfigurationPlatforms) = preSolution
		Debug|Any CPU = Debug|Any CPU
		Release|Any CPU = Release|Any CPU
	EndGlobalSection
	GlobalSection(ProjectConfigurationPlatforms) = postSolution
		{9555A2CE-780B-4570-BDAB-2807421FB1BC}.Debug|Any CPU.ActiveCfg = Debug|Any CPU
		{9555A2CE-780B-4570-BDAB-2807421FB1BC}.Debug|Any CPU.Build.0 = Debug|Any CPU
		{9555A2CE-780B-4570-BDAB-2807421FB1BC}.Release|Any CPU.ActiveCfg = Release|Any CPU
		{9555A2CE-780B-4570-BDAB-2807421FB1BC}.Release|Any CPU.Build.0 = Release|Any CPU
	EndGlobalSection
	GlobalSection(SolutionProperties) = preSolution
		HideSolutionNode = FALSE
	EndGlobalSection
	GlobalSection(ExtensibilityGlobals) = postSolution
		SolutionGuid = {78F25A0B-3C21-4EB1-A19F-8E6FB2B99045}
	EndGlobalSection
EndGlobal
